# This file is automatically @generated by Cargo.
# It is not intended for manual editing.
version = 3

[[package]]
name = "bcm2837"
version = "0.1.0"
dependencies = [
 "cortex-a",
 "kernel",
 "tock-cells",
 "tock-registers",
]

[[package]]
name = "cortex-a"
version = "0.1.0"

[[package]]
name = "kernel"
version = "0.1.0"
source = "git+https://github.com/tock/tock?branch=master#b2a3fdfb7939ac3cde0c649005002ae1d7548d68"
dependencies = [
 "tock-cells",
 "tock-registers",
 "tock-tbf",
]

[[package]]
name = "raspberry_pi"
version = "0.1.0"
dependencies = [
 "bcm2837",
 "kernel",
]

[[package]]
name = "tock-cells"
version = "0.1.0"
source = "git+https://github.com/tock/tock?branch=master#b2a3fdfb7939ac3cde0c649005002ae1d7548d68"

[[package]]
name = "tock-registers"
version = "0.9.0"
source = "git+https://github.com/tock/tock?branch=master#b2a3fdfb7939ac3cde0c649005002ae1d7548d68"

[[package]]
name = "tock-tbf"
version = "0.1.0"
source = "git+https://github.com/tock/tock?branch=master#b2a3fdfb7939ac3cde0c649005002ae1d7548d68"
